
Microsoft Visual Studio Solution File, Format Version 11.00
# Visual Studio 2010
Project("{FAE04EC0-301F-11D3-BF4B-00C04F79EFBC}") = "dClient", "WpfDSCADA\dClient.csproj", "{CEA0D58A-F427-4F7E-A428-0588A10F2391}"
EndProject
Global
	GlobalSection(SolutionConfigurationPlatforms) = preSolution
		Debug|x86 = Debug|x86
		Release|x86 = Release|x86
	EndGlobalSection
	GlobalSection(ProjectConfigurationPlatforms) = postSolution
		{CEA0D58A-F427-4F7E-A428-0588A10F2391}.Debug|x86.ActiveCfg = Debug|x86
		{CEA0D58A-F427-4F7E-A428-0588A10F2391}.Debug|x86.Build.0 = Debug|x86
		{CEA0D58A-F427-4F7E-A428-0588A10F2391}.Release|x86.ActiveCfg = Release|x86
		{CEA0D58A-F427-4F7E-A428-0588A10F2391}.Release|x86.Build.0 = Release|x86
	EndGlobalSection
	GlobalSection(SolutionProperties) = preSolution
		HideSolutionNode = FALSE
	EndGlobalSection
EndGlobal
